
Microsoft Visual Studio Solution File, Format Version 12.00
# Visual Studio Version 17
VisualStudioVersion = 17.0.32014.148
MinimumVisualStudioVersion = 10.0.40219.1
Project("{9A19103F-16F7-4668-BE54-9A1E7A4F7556}") = "DIO.Series", "DIO.Series.csproj", "{2FD2B263-EEEB-4817-84E1-67CA5FAB45A8}"
EndProject
Global
	GlobalSection(SolutionConfigurationPlatforms) = preSolution
		Debug|Any CPU = Debug|Any CPU
		Release|Any CPU = Release|Any CPU
	EndGlobalSection
	GlobalSection(ProjectConfigurationPlatforms) = postSolution
		{2FD2B263-EEEB-4817-84E1-67CA5FAB45A8}.Debug|Any CPU.ActiveCfg = Debug|Any CPU
		{2FD2B263-EEEB-4817-84E1-67CA5FAB45A8}.Debug|Any CPU.Build.0 = Debug|Any CPU
		{2FD2B263-EEEB-4817-84E1-67CA5FAB45A8}.Release|Any CPU.ActiveCfg = Release|Any CPU
		{2FD2B263-EEEB-4817-84E1-67CA5FAB45A8}.Release|Any CPU.Build.0 = Release|Any CPU
	EndGlobalSection
	GlobalSection(SolutionProperties) = preSolution
		HideSolutionNode = FALSE
	EndGlobalSection
	GlobalSection(ExtensibilityGlobals) = postSolution
		SolutionGuid = {7661652B-122A-4EDF-8409-2BA1A64E50E6}
	EndGlobalSection
EndGlobal
